
Microsoft Visual Studio Solution File, Format Version 12.00
# Visual Studio 14
VisualStudioVersion = 14.0.25420.1
MinimumVisualStudioVersion = 10.0.40219.1
Project("{FAE04EC0-301F-11D3-BF4B-00C04F79EFBC}") = "CR-Planinng.WebUI", "CR-Planinng.WebUI\CR-Planinng.WebUI.csproj", "{D879487C-78DC-40E8-958D-FC1B33217ACD}"
EndProject
Project("{FAE04EC0-301F-11D3-BF4B-00C04F79EFBC}") = "CR-Planing.Domain", "CR-Planing.Domain\CR-Planing.Domain.csproj", "{20E40571-9A2F-4A26-8162-63240708832E}"
EndProject
Project("{FAE04EC0-301F-11D3-BF4B-00C04F79EFBC}") = "CR-Planing.UniTests", "CR-Planing.UniTests\CR-Planing.UniTests.csproj", "{C51F37AB-A4A3-4521-8EAB-8AF54E236CF8}"
EndProject
Global
	GlobalSection(SolutionConfigurationPlatforms) = preSolution
		Debug|Any CPU = Debug|Any CPU
		Release|Any CPU = Release|Any CPU
	EndGlobalSection
	GlobalSection(ProjectConfigurationPlatforms) = postSolution
		{D879487C-78DC-40E8-958D-FC1B33217ACD}.Debug|Any CPU.ActiveCfg = Debug|Any CPU
		{D879487C-78DC-40E8-958D-FC1B33217ACD}.Debug|Any CPU.Build.0 = Debug|Any CPU
		{D879487C-78DC-40E8-958D-FC1B33217ACD}.Release|Any CPU.ActiveCfg = Release|Any CPU
		{D879487C-78DC-40E8-958D-FC1B33217ACD}.Release|Any CPU.Build.0 = Release|Any CPU
		{20E40571-9A2F-4A26-8162-63240708832E}.Debug|Any CPU.ActiveCfg = Debug|Any CPU
		{20E40571-9A2F-4A26-8162-63240708832E}.Debug|Any CPU.Build.0 = Debug|Any CPU
		{20E40571-9A2F-4A26-8162-63240708832E}.Release|Any CPU.ActiveCfg = Release|Any CPU
		{20E40571-9A2F-4A26-8162-63240708832E}.Release|Any CPU.Build.0 = Release|Any CPU
		{C51F37AB-A4A3-4521-8EAB-8AF54E236CF8}.Debug|Any CPU.ActiveCfg = Debug|Any CPU
		{C51F37AB-A4A3-4521-8EAB-8AF54E236CF8}.Debug|Any CPU.Build.0 = Debug|Any CPU
		{C51F37AB-A4A3-4521-8EAB-8AF54E236CF8}.Release|Any CPU.ActiveCfg = Release|Any CPU
		{C51F37AB-A4A3-4521-8EAB-8AF54E236CF8}.Release|Any CPU.Build.0 = Release|Any CPU
	EndGlobalSection
	GlobalSection(SolutionProperties) = preSolution
		HideSolutionNode = FALSE
	EndGlobalSection
EndGlobal
